{
  "name": "mock_bluetooth",
  "version": "1.0.0",
  "lockfileVersion": 1,
  "requires": true,
  "dependencies": {
    "bleno": {
      "version": "0.5.0",
      "resolved": "https://registry.npmjs.org/bleno/-/bleno-0.5.0.tgz",
      "integrity": "sha512-oH/iddkMIMoW0HgzhN32My+qUCz1sKSQsAvIiDFaeY8RGnZ/S08Xgo2XWwhWSaA9bVsVjY3zmbeaQ55H+W+zBQ==",
      "dev": true,
      "requires": {
        "bluetooth-hci-socket": "^0.5.1",
        "bplist-parser": "0.0.6",
        "debug": "^2.2.0",
        "xpc-connection": "~0.1.4"
      }
    },
    "bluetooth-hci-socket": {
      "version": "0.5.1",
      "resolved": "https://registry.npmjs.org/bluetooth-hci-socket/-/bluetooth-hci-socket-0.5.1.tgz",
      "integrity": "sha512-5/cPO2R+X4UXLudZOevREf3kwyCNCVovA9rcXk5smBgx+q/sIucfkC6F57+xWR5X17bY931w6bB2EUaPh9ArfQ==",
      "dev": true,
      "optional": true,
      "requires": {
        "debug": "^2.2.0",
        "nan": "^2.0.5",
        "usb": "^1.1.0"
      }
    },
    "bplist-parser": {
      "version": "0.0.6",
      "resolved": "https://registry.npmjs.org/bplist-parser/-/bplist-parser-0.0.6.tgz",
      "integrity": "sha512-fGeghPEH4Eytvf+Mi446aKcDqvkA/+eh6r7QGiZWMQG6TzqrnsToLP379XFfqRSZ41+676hhGIm++maNST1Apw==",
      "dev": true,
      "optional": true
    },
    "debug": {
      "version": "2.6.9",
      "resolved": "https://registry.npmjs.org/debug/-/debug-2.6.9.tgz",
      "integrity": "sha512-bC7ElrdJaJnPbAP+1EotYvqZsb3ecl5wi6Bfi6BJTUcNowp6cvspg0jXznRTKDjm/E7AdgFBVeAPVMNcKGsHMA==",
      "dev": true,
      "requires": {
        "ms": "2.0.0"
      }
    },
    "ms": {
      "version": "2.0.0",
      "resolved": "https://registry.npmjs.org/ms/-/ms-2.0.0.tgz",
      "integrity": "sha512-Tpp60P6IUJDTuOq/5Z8cdskzJujfwqfOTkrwIwj7IRISpnkJnT6SyJ4PCPnGMoFjC9ddhal5KVIYtAt97ix05A==",
      "dev": true
    },
    "nan": {
      "version": "2.17.0",
      "resolved": "https://registry.npmjs.org/nan/-/nan-2.17.0.tgz",
      "integrity": "sha512-2ZTgtl0nJsO0KQCjEpxcIr5D+Yv90plTitZt9JBfQvVJDS5seMl3FOvsh3+9CoYWXf/1l5OaZzzF6nDm4cagaQ==",
      "dev": true,
      "optional": true
    },
    "node-addon-api": {
      "version": "4.3.0",
      "resolved": "https://registry.npmjs.org/node-addon-api/-/node-addon-api-4.3.0.tgz",
      "integrity": "sha512-73sE9+3UaLYYFmDsFZnqCInzPyh3MqIwZO9cw58yIqAZhONrrabrYyYe3TuIqtIiOuTXVhsGau8hcrhhwSsDIQ==",
      "dev": true,
      "optional": true
    },
    "node-gyp-build": {
      "version": "4.6.0",
      "resolved": "https://registry.npmjs.org/node-gyp-build/-/node-gyp-build-4.6.0.tgz",
      "integrity": "sha512-NTZVKn9IylLwUzaKjkas1e4u2DLNcV4rdYagA4PWdPwW87Bi7z+BznyKSRwS/761tV/lzCGXplWsiaMjLqP2zQ==",
      "dev": true,
      "optional": true
    },
    "usb": {
      "version": "1.9.2",
      "resolved": "https://registry.npmjs.org/usb/-/usb-1.9.2.tgz",
      "integrity": "sha512-dryNz030LWBPAf6gj8vyq0Iev3vPbCLHCT8dBw3gQRXRzVNsIdeuU+VjPp3ksmSPkeMAl1k+kQ14Ij0QHyeiAg==",
      "dev": true,
      "optional": true,
      "requires": {
        "node-addon-api": "^4.2.0",
        "node-gyp-build": "^4.3.0"
      }
    },
    "xpc-connection": {
      "version": "0.1.4",
      "resolved": "https://registry.npmjs.org/xpc-connection/-/xpc-connection-0.1.4.tgz",
      "integrity": "sha512-Np4+cx5l9zhSNrH5O5niVqVT0vBnja4IG5CxuBgCvTdWGiyujRwUTSj/FtT66KX84/MMCKpt5wIcuORBMFT6qQ==",
      "dev": true,
      "optional": true,
      "requires": {
        "nan": "^2.0.5"
      }
    }
  }
}
